// !$*UTF8*$!
{
	archiveVersion = 1;
	classes = {
	};
	objectVersion = 56;
	objects = {

/* Begin PBXBuildFile section */
		CB531DBE2C1F6F4F001D4A09 /* StocksApp.swift in Sources */ = {isa = PBXBuildFile; fileRef = CB531DBD2C1F6F4F001D4A09 /* StocksApp.swift */; };
		CB531DC02C1F6F4F001D4A09 /* ContentView.swift in Sources */ = {isa = PBXBuildFile; fileRef = CB531DBF2C1F6F4F001D4A09 /* ContentView.swift */; };
		CB531DC22C1F6F50001D4A09 /* Assets.xcassets in Resources */ = {isa = PBXBuildFile; fileRef = CB531DC12C1F6F50001D4A09 /* Assets.xcassets */; };
		CB531DC52C1F6F50001D4A09 /* Preview Assets.xcassets in Resources */ = {isa = PBXBuildFile; fileRef = CB531DC42C1F6F50001D4A09 /* Preview Assets.xcassets */; };
		CB531DCF2C1F6F50001D4A09 /* StocksTests.swift in Sources */ = {isa = PBXBuildFile; fileRef = CB531DCE2C1F6F50001D4A09 /* StocksTests.swift */; };
		CB531DEC2C1F717E001D4A09 /* Portfolio.swift in Sources */ = {isa = PBXBuildFile; fileRef = CB531DEB2C1F717E001D4A09 /* Portfolio.swift */; };
		CB531DEE2C1F7442001D4A09 /* DataStore.swift in Sources */ = {isa = PBXBuildFile; fileRef = CB531DED2C1F7442001D4A09 /* DataStore.swift */; };
		CB531DF02C1F74A5001D4A09 /* swiftgen.yml in Resources */ = {isa = PBXBuildFile; fileRef = CB531DEF2C1F74A5001D4A09 /* swiftgen.yml */; };
		CB531DFA2C1F7C0F001D4A09 /* Localizable.strings in Resources */ = {isa = PBXBuildFile; fileRef = CB531DF82C1F7C0F001D4A09 /* Localizable.strings */; };
		CB531DFC2C1F7C81001D4A09 /* L10n.swift in Sources */ = {isa = PBXBuildFile; fileRef = CB531DFB2C1F7C81001D4A09 /* L10n.swift */; };
		CB531E032C1F801C001D4A09 /* Navigation in Frameworks */ = {isa = PBXBuildFile; productRef = CB531E022C1F801C001D4A09 /* Navigation */; };
/* End PBXBuildFile section */

/* Begin PBXContainerItemProxy section */
		CB531DCB2C1F6F50001D4A09 /* PBXContainerItemProxy */ = {
			isa = PBXContainerItemProxy;
			containerPortal = CB531DB22C1F6F4F001D4A09 /* Project object */;
			proxyType = 1;
			remoteGlobalIDString = CB531DB92C1F6F4F001D4A09;
			remoteInfo = Stocks;
		};
/* End PBXContainerItemProxy section */

/* Begin PBXFileReference section */
		CB531DBA2C1F6F4F001D4A09 /* Stocks.app */ = {isa = PBXFileReference; explicitFileType = wrapper.application; includeInIndex = 0; path = Stocks.app; sourceTree = BUILT_PRODUCTS_DIR; };
		CB531DBD2C1F6F4F001D4A09 /* StocksApp.swift */ = {isa = PBXFileReference; lastKnownFileType = sourcecode.swift; path = StocksApp.swift; sourceTree = "<group>"; };
		CB531DBF2C1F6F4F001D4A09 /* ContentView.swift */ = {isa = PBXFileReference; lastKnownFileType = sourcecode.swift; path = ContentView.swift; sourceTree = "<group>"; };
		CB531DC12C1F6F50001D4A09 /* Assets.xcassets */ = {isa = PBXFileReference; lastKnownFileType = folder.assetcatalog; path = Assets.xcassets; sourceTree = "<group>"; };
		CB531DC42C1F6F50001D4A09 /* Preview Assets.xcassets */ = {isa = PBXFileReference; lastKnownFileType = folder.assetcatalog; path = "Preview Assets.xcassets"; sourceTree = "<group>"; };
		CB531DCA2C1F6F50001D4A09 /* StocksTests.xctest */ = {isa = PBXFileReference; explicitFileType = wrapper.cfbundle; includeInIndex = 0; path = StocksTests.xctest; sourceTree = BUILT_PRODUCTS_DIR; };
		CB531DCE2C1F6F50001D4A09 /* StocksTests.swift */ = {isa = PBXFileReference; lastKnownFileType = sourcecode.swift; path = StocksTests.swift; sourceTree = "<group>"; };
		CB531DEB2C1F717E001D4A09 /* Portfolio.swift */ = {isa = PBXFileReference; lastKnownFileType = sourcecode.swift; path = Portfolio.swift; sourceTree = "<group>"; };
		CB531DED2C1F7442001D4A09 /* DataStore.swift */ = {isa = PBXFileReference; lastKnownFileType = sourcecode.swift; path = DataStore.swift; sourceTree = "<group>"; };
		CB531DEF2C1F74A5001D4A09 /* swiftgen.yml */ = {isa = PBXFileReference; lastKnownFileType = text.yaml; path = swiftgen.yml; sourceTree = "<group>"; };
		CB531DF92C1F7C0F001D4A09 /* en */ = {isa = PBXFileReference; lastKnownFileType = text.plist.strings; name = en; path = en.lproj/Localizable.strings; sourceTree = "<group>"; };
		CB531DFB2C1F7C81001D4A09 /* L10n.swift */ = {isa = PBXFileReference; lastKnownFileType = sourcecode.swift; path = L10n.swift; sourceTree = "<group>"; };
		CB531DFD2C1F7FB2001D4A09 /* Navigation */ = {isa = PBXFileReference; lastKnownFileType = wrapper; path = Navigation; sourceTree = "<group>"; };
/* End PBXFileReference section */

/* Begin PBXFrameworksBuildPhase section */
		CB531DB72C1F6F4F001D4A09 /* Frameworks */ = {
			isa = PBXFrameworksBuildPhase;
			buildActionMask = 2147483647;
			files = (
				CB531E032C1F801C001D4A09 /* Navigation in Frameworks */,
			);
			runOnlyForDeploymentPostprocessing = 0;
		};
		CB531DC72C1F6F50001D4A09 /* Frameworks */ = {
			isa = PBXFrameworksBuildPhase;
			buildActionMask = 2147483647;
			files = (
			);
			runOnlyForDeploymentPostprocessing = 0;
		};
/* End PBXFrameworksBuildPhase section */

/* Begin PBXGroup section */
		CB531DB12C1F6F4F001D4A09 = {
			isa = PBXGroup;
			children = (
				CB531DFD2C1F7FB2001D4A09 /* Navigation */,
				CB531DEF2C1F74A5001D4A09 /* swiftgen.yml */,
				CB531DBC2C1F6F4F001D4A09 /* Stocks */,
				CB531DCD2C1F6F50001D4A09 /* StocksTests */,
				CB531DBB2C1F6F4F001D4A09 /* Products */,
				CB531E012C1F801C001D4A09 /* Frameworks */,
			);
			sourceTree = "<group>";
		};
		CB531DBB2C1F6F4F001D4A09 /* Products */ = {
			isa = PBXGroup;
			children = (
				CB531DBA2C1F6F4F001D4A09 /* Stocks.app */,
				CB531DCA2C1F6F50001D4A09 /* StocksTests.xctest */,
			);
			name = Products;
			sourceTree = "<group>";
		};
		CB531DBC2C1F6F4F001D4A09 /* Stocks */ = {
			isa = PBXGroup;
			children = (
				CB531DEA2C1F709D001D4A09 /* Services */,
				CB531DE92C1F7096001D4A09 /* ViewModels */,
				CB531DE82C1F708A001D4A09 /* Views */,
				CB531DE72C1F7083001D4A09 /* Models */,
				CB531DBD2C1F6F4F001D4A09 /* StocksApp.swift */,
				CB531DBF2C1F6F4F001D4A09 /* ContentView.swift */,
				CB531DFB2C1F7C81001D4A09 /* L10n.swift */,
				CB531DF72C1F7B67001D4A09 /* Resources */,
				CB531DC32C1F6F50001D4A09 /* Preview Content */,
			);
			path = Stocks;
			sourceTree = "<group>";
		};
		CB531DC32C1F6F50001D4A09 /* Preview Content */ = {
			isa = PBXGroup;
			children = (
				CB531DC42C1F6F50001D4A09 /* Preview Assets.xcassets */,
			);
			path = "Preview Content";
			sourceTree = "<group>";
		};
		CB531DCD2C1F6F50001D4A09 /* StocksTests */ = {
			isa = PBXGroup;
			children = (
				CB531DCE2C1F6F50001D4A09 /* StocksTests.swift */,
			);
			path = StocksTests;
			sourceTree = "<group>";
		};
		CB531DE72C1F7083001D4A09 /* Models */ = {
			isa = PBXGroup;
			children = (
				CB531DEB2C1F717E001D4A09 /* Portfolio.swift */,
			);
			path = Models;
			sourceTree = "<group>";
		};
		CB531DE82C1F708A001D4A09 /* Views */ = {
			isa = PBXGroup;
			children = (
			);
			path = Views;
			sourceTree = "<group>";
		};
		CB531DE92C1F7096001D4A09 /* ViewModels */ = {
			isa = PBXGroup;
			children = (
			);
			path = ViewModels;
			sourceTree = "<group>";
		};
		CB531DEA2C1F709D001D4A09 /* Services */ = {
			isa = PBXGroup;
			children = (
				CB531DED2C1F7442001D4A09 /* DataStore.swift */,
			);
			path = Services;
			sourceTree = "<group>";
		};
		CB531DF72C1F7B67001D4A09 /* Resources */ = {
			isa = PBXGroup;
			children = (
				CB531DF82C1F7C0F001D4A09 /* Localizable.strings */,
				CB531DC12C1F6F50001D4A09 /* Assets.xcassets */,
			);
			path = Resources;
			sourceTree = "<group>";
		};
		CB531E012C1F801C001D4A09 /* Frameworks */ = {
			isa = PBXGroup;
			children = (
			);
			name = Frameworks;
			sourceTree = "<group>";
		};
/* End PBXGroup section */

/* Begin PBXNativeTarget section */
		CB531DB92C1F6F4F001D4A09 /* Stocks */ = {
			isa = PBXNativeTarget;
			buildConfigurationList = CB531DDE2C1F6F50001D4A09 /* Build configuration list for PBXNativeTarget "Stocks" */;
			buildPhases = (
				CB531DB62C1F6F4F001D4A09 /* Sources */,
				CB531DB72C1F6F4F001D4A09 /* Frameworks */,
				CB531DB82C1F6F4F001D4A09 /* Resources */,
			);
			buildRules = (
			);
			dependencies = (
			);
			name = Stocks;
			packageProductDependencies = (
				CB531E022C1F801C001D4A09 /* Navigation */,
			);
			productName = Stocks;
			productReference = CB531DBA2C1F6F4F001D4A09 /* Stocks.app */;
			productType = "com.apple.product-type.application";
		};
		CB531DC92C1F6F50001D4A09 /* StocksTests */ = {
			isa = PBXNativeTarget;
			buildConfigurationList = CB531DE12C1F6F50001D4A09 /* Build configuration list for PBXNativeTarget "StocksTests" */;
			buildPhases = (
				CB531DC62C1F6F50001D4A09 /* Sources */,
				CB531DC72C1F6F50001D4A09 /* Frameworks */,
				CB531DC82C1F6F50001D4A09 /* Resources */,
			);
			buildRules = (
			);
			dependencies = (
				CB531DCC2C1F6F50001D4A09 /* PBXTargetDependency */,
			);
			name = StocksTests;
			productName = StocksTests;
			productReference = CB531DCA2C1F6F50001D4A09 /* StocksTests.xctest */;
			productType = "com.apple.product-type.bundle.unit-test";
		};
/* End PBXNativeTarget section */

/* Begin PBXProject section */
		CB531DB22C1F6F4F001D4A09 /* Project object */ = {
			isa = PBXProject;
			attributes = {
				BuildIndependentTargetsInParallel = 1;
				LastSwiftUpdateCheck = 1540;
				LastUpgradeCheck = 1540;
				TargetAttributes = {
					CB531DB92C1F6F4F001D4A09 = {
						CreatedOnToolsVersion = 15.4;
					};
					CB531DC92C1F6F50001D4A09 = {
						CreatedOnToolsVersion = 15.4;
						TestTargetID = CB531DB92C1F6F4F001D4A09;
					};
				};
			};
			buildConfigurationList = CB531DB52C1F6F4F001D4A09 /* Build configuration list for PBXProject "Stocks" */;
			compatibilityVersion = "Xcode 14.0";
			developmentRegion = en;
			hasScannedForEncodings = 0;
			knownRegions = (
				en,
				Base,
			);
			mainGroup = CB531DB12C1F6F4F001D4A09;
			productRefGroup = CB531DBB2C1F6F4F001D4A09 /* Products */;
			projectDirPath = "";
			projectRoot = "";
			targets = (
				CB531DB92C1F6F4F001D4A09 /* Stocks */,
				CB531DC92C1F6F50001D4A09 /* StocksTests */,
			);
		};
/* End PBXProject section */

/* Begin PBXResourcesBuildPhase section */
		CB531DB82C1F6F4F001D4A09 /* Resources */ = {
			isa = PBXResourcesBuildPhase;
			buildActionMask = 2147483647;
			files = (
				CB531DC52C1F6F50001D4A09 /* Preview Assets.xcassets in Resources */,
				CB531DFA2C1F7C0F001D4A09 /* Localizable.strings in Resources */,
				CB531DC22C1F6F50001D4A09 /* Assets.xcassets in Resources */,
				CB531DF02C1F74A5001D4A09 /* swiftgen.yml in Resources */,
			);
			runOnlyForDeploymentPostprocessing = 0;
		};
		CB531DC82C1F6F50001D4A09 /* Resources */ = {
			isa = PBXResourcesBuildPhase;
			buildActionMask = 2147483647;
			files = (
			);
			runOnlyForDeploymentPostprocessing = 0;
		};
/* End PBXResourcesBuildPhase section */

/* Begin PBXSourcesBuildPhase section */
		CB531DB62C1F6F4F001D4A09 /* Sources */ = {
			isa = PBXSourcesBuildPhase;
			buildActionMask = 2147483647;
			files = (
				CB531DEC2C1F717E001D4A09 /* Portfolio.swift in Sources */,
				CB531DEE2C1F7442001D4A09 /* DataStore.swift in Sources */,
				CB531DC02C1F6F4F001D4A09 /* ContentView.swift in Sources */,
				CB531DBE2C1F6F4F001D4A09 /* StocksApp.swift in Sources */,
				CB531DFC2C1F7C81001D4A09 /* L10n.swift in Sources */,
			);
			runOnlyForDeploymentPostprocessing = 0;
		};
		CB531DC62C1F6F50001D4A09 /* Sources */ = {
			isa = PBXSourcesBuildPhase;
			buildActionMask = 2147483647;
			files = (
				CB531DCF2C1F6F50001D4A09 /* StocksTests.swift in Sources */,
			);
			runOnlyForDeploymentPostprocessing = 0;
		};
/* End PBXSourcesBuildPhase section */

/* Begin PBXTargetDependency section */
		CB531DCC2C1F6F50001D4A09 /* PBXTargetDependency */ = {
			isa = PBXTargetDependency;
			target = CB531DB92C1F6F4F001D4A09 /* Stocks */;
			targetProxy = CB531DCB2C1F6F50001D4A09 /* PBXContainerItemProxy */;
		};
/* End PBXTargetDependency section */

/* Begin PBXVariantGroup section */
		CB531DF82C1F7C0F001D4A09 /* Localizable.strings */ = {
			isa = PBXVariantGroup;
			children = (
				CB531DF92C1F7C0F001D4A09 /* en */,
			);
			name = Localizable.strings;
			sourceTree = "<group>";
		};
/* End PBXVariantGroup section */

/* Begin XCBuildConfiguration section */
		CB531DDC2C1F6F50001D4A09 /* Debug */ = {
			isa = XCBuildConfiguration;
			buildSettings = {
				ALWAYS_SEARCH_USER_PATHS = NO;
				ASSETCATALOG_COMPILER_GENERATE_SWIFT_ASSET_SYMBOL_EXTENSIONS = YES;
				CLANG_ANALYZER_NONNULL = YES;
				CLANG_ANALYZER_NUMBER_OBJECT_CONVERSION = YES_AGGRESSIVE;
				CLANG_CXX_LANGUAGE_STANDARD = "gnu++20";
				CLANG_ENABLE_MODULES = YES;
				CLANG_ENABLE_OBJC_ARC = YES;
				CLANG_ENABLE_OBJC_WEAK = YES;
				CLANG_WARN_BLOCK_CAPTURE_AUTORELEASING = YES;
				CLANG_WARN_BOOL_CONVERSION = YES;
				CLANG_WARN_COMMA = YES;
				CLANG_WARN_CONSTANT_CONVERSION = YES;
				CLANG_WARN_DEPRECATED_OBJC_IMPLEMENTATIONS = YES;
				CLANG_WARN_DIRECT_OBJC_ISA_USAGE = YES_ERROR;
				CLANG_WARN_DOCUMENTATION_COMMENTS = YES;
				CLANG_WARN_EMPTY_BODY = YES;
				CLANG_WARN_ENUM_CONVERSION = YES;
				CLANG_WARN_INFINITE_RECURSION = YES;
				CLANG_WARN_INT_CONVERSION = YES;
				CLANG_WARN_NON_LITERAL_NULL_CONVERSION = YES;
				CLANG_WARN_OBJC_IMPLICIT_RETAIN_SELF = YES;
				CLANG_WARN_OBJC_LITERAL_CONVERSION = YES;
				CLANG_WARN_OBJC_ROOT_CLASS = YES_ERROR;
				CLANG_WARN_QUOTED_INCLUDE_IN_FRAMEWORK_HEADER = YES;
				CLANG_WARN_RANGE_LOOP_ANALYSIS = YES;
				CLANG_WARN_STRICT_PROTOTYPES = YES;
				CLANG_WARN_SUSPICIOUS_MOVE = YES;
				CLANG_WARN_UNGUARDED_AVAILABILITY = YES_AGGRESSIVE;
				CLANG_WARN_UNREACHABLE_CODE = YES;
				CLANG_WARN__DUPLICATE_METHOD_MATCH = YES;
				COPY_PHASE_STRIP = NO;
				DEBUG_INFORMATION_FORMAT = dwarf;
				ENABLE_STRICT_OBJC_MSGSEND = YES;
				ENABLE_TESTABILITY = YES;
				ENABLE_USER_SCRIPT_SANDBOXING = YES;
				GCC_C_LANGUAGE_STANDARD = gnu17;
				GCC_DYNAMIC_NO_PIC = NO;
				GCC_NO_COMMON_BLOCKS = YES;
				GCC_OPTIMIZATION_LEVEL = 0;
				GCC_PREPROCESSOR_DEFINITIONS = (
					"DEBUG=1",
					"$(inherited)",
				);
				GCC_WARN_64_TO_32_BIT_CONVERSION = YES;
				GCC_WARN_ABOUT_RETURN_TYPE = YES_ERROR;
				GCC_WARN_UNDECLARED_SELECTOR = YES;
				GCC_WARN_UNINITIALIZED_AUTOS = YES_AGGRESSIVE;
				GCC_WARN_UNUSED_FUNCTION = YES;
				GCC_WARN_UNUSED_VARIABLE = YES;
				IPHONEOS_DEPLOYMENT_TARGET = 17.5;
				LOCALIZATION_PREFERS_STRING_CATALOGS = YES;
				MTL_ENABLE_DEBUG_INFO = INCLUDE_SOURCE;
				MTL_FAST_MATH = YES;
				ONLY_ACTIVE_ARCH = YES;
				SDKROOT = iphoneos;
				SWIFT_ACTIVE_COMPILATION_CONDITIONS = "DEBUG $(inherited)";
				SWIFT_OPTIMIZATION_LEVEL = "-Onone";
			};
			name = Debug;
		};
		CB531DDD2C1F6F50001D4A09 /* Release */ = {
			isa = XCBuildConfiguration;
			buildSettings = {
				ALWAYS_SEARCH_USER_PATHS = NO;
				ASSETCATALOG_COMPILER_GENERATE_SWIFT_ASSET_SYMBOL_EXTENSIONS = YES;
				CLANG_ANALYZER_NONNULL = YES;
				CLANG_ANALYZER_NUMBER_OBJECT_CONVERSION = YES_AGGRESSIVE;
				CLANG_CXX_LANGUAGE_STANDARD = "gnu++20";
				CLANG_ENABLE_MODULES = YES;
				CLANG_ENABLE_OBJC_ARC = YES;
				CLANG_ENABLE_OBJC_WEAK = YES;
				CLANG_WARN_BLOCK_CAPTURE_AUTORELEASING = YES;
				CLANG_WARN_BOOL_CONVERSION = YES;
				CLANG_WARN_COMMA = YES;
				CLANG_WARN_CONSTANT_CONVERSION = YES;
				CLANG_WARN_DEPRECATED_OBJC_IMPLEMENTATIONS = YES;
				CLANG_WARN_DIRECT_OBJC_ISA_USAGE = YES_ERROR;
				CLANG_WARN_DOCUMENTATION_COMMENTS = YES;
				CLANG_WARN_EMPTY_BODY = YES;
				CLANG_WARN_ENUM_CONVERSION = YES;
				CLANG_WARN_INFINITE_RECURSION = YES;
				CLANG_WARN_INT_CONVERSION = YES;
				CLANG_WARN_NON_LITERAL_NULL_CONVERSION = YES;
				CLANG_WARN_OBJC_IMPLICIT_RETAIN_SELF = YES;
				CLANG_WARN_OBJC_LITERAL_CONVERSION = YES;
				CLANG_WARN_OBJC_ROOT_CLASS = YES_ERROR;
				CLANG_WARN_QUOTED_INCLUDE_IN_FRAMEWORK_HEADER = YES;
				CLANG_WARN_RANGE_LOOP_ANALYSIS = YES;
				CLANG_WARN_STRICT_PROTOTYPES = YES;
				CLANG_WARN_SUSPICIOUS_MOVE = YES;
				CLANG_WARN_UNGUARDED_AVAILABILITY = YES_AGGRESSIVE;
				CLANG_WARN_UNREACHABLE_CODE = YES;
				CLANG_WARN__DUPLICATE_METHOD_MATCH = YES;
				COPY_PHASE_STRIP = NO;
				DEBUG_INFORMATION_FORMAT = "dwarf-with-dsym";
				ENABLE_NS_ASSERTIONS = NO;
				ENABLE_STRICT_OBJC_MSGSEND = YES;
				ENABLE_USER_SCRIPT_SANDBOXING = YES;
				GCC_C_LANGUAGE_STANDARD = gnu17;
				GCC_NO_COMMON_BLOCKS = YES;
				GCC_WARN_64_TO_32_BIT_CONVERSION = YES;
				GCC_WARN_ABOUT_RETURN_TYPE = YES_ERROR;
				GCC_WARN_UNDECLARED_SELECTOR = YES;
				GCC_WARN_UNINITIALIZED_AUTOS = YES_AGGRESSIVE;
				GCC_WARN_UNUSED_FUNCTION = YES;
				GCC_WARN_UNUSED_VARIABLE = YES;
				IPHONEOS_DEPLOYMENT_TARGET = 17.5;
				LOCALIZATION_PREFERS_STRING_CATALOGS = YES;
				MTL_ENABLE_DEBUG_INFO = NO;
				MTL_FAST_MATH = YES;
				SDKROOT = iphoneos;
				SWIFT_COMPILATION_MODE = wholemodule;
				VALIDATE_PRODUCT = YES;
			};
			name = Release;
		};
		CB531DDF2C1F6F50001D4A09 /* Debug */ = {
			isa = XCBuildConfiguration;
			buildSettings = {
				ASSETCATALOG_COMPILER_APPICON_NAME = AppIcon;
				ASSETCATALOG_COMPILER_GLOBAL_ACCENT_COLOR_NAME = AccentColor;
				CODE_SIGN_STYLE = Automatic;
				CURRENT_PROJECT_VERSION = 1;
				DEVELOPMENT_ASSET_PATHS = "\"Stocks/Preview Content\"";
				DEVELOPMENT_TEAM = WFF682FMR6;
				ENABLE_PREVIEWS = YES;
				GENERATE_INFOPLIST_FILE = YES;
				INFOPLIST_KEY_UIApplicationSceneManifest_Generation = YES;
				INFOPLIST_KEY_UIApplicationSupportsIndirectInputEvents = YES;
				INFOPLIST_KEY_UILaunchScreen_Generation = YES;
				INFOPLIST_KEY_UISupportedInterfaceOrientations_iPad = "UIInterfaceOrientationPortrait UIInterfaceOrientationPortraitUpsideDown UIInterfaceOrientationLandscapeLeft UIInterfaceOrientationLandscapeRight";
				INFOPLIST_KEY_UISupportedInterfaceOrientations_iPhone = "UIInterfaceOrientationPortrait UIInterfaceOrientationLandscapeLeft UIInterfaceOrientationLandscapeRight";
				IPHONEOS_DEPLOYMENT_TARGET = 16.0;
				LD_RUNPATH_SEARCH_PATHS = (
					"$(inherited)",
					"@executable_path/Frameworks",
				);
				MARKETING_VERSION = 1.0;
				PRODUCT_BUNDLE_IDENTIFIER = com.loganblevins.Stocks;
				PRODUCT_NAME = "$(TARGET_NAME)";
				SUPPORTED_PLATFORMS = "iphoneos iphonesimulator";
				SUPPORTS_MACCATALYST = NO;
				SUPPORTS_MAC_DESIGNED_FOR_IPHONE_IPAD = NO;
				SUPPORTS_XR_DESIGNED_FOR_IPHONE_IPAD = NO;
				SWIFT_EMIT_LOC_STRINGS = YES;
				SWIFT_VERSION = 5.0;
				TARGETED_DEVICE_FAMILY = "1,2";
			};
			name = Debug;
		};
		CB531DE02C1F6F50001D4A09 /* Release */ = {
			isa = XCBuildConfiguration;
			buildSettings = {
				ASSETCATALOG_COMPILER_APPICON_NAME = AppIcon;
				ASSETCATALOG_COMPILER_GLOBAL_ACCENT_COLOR_NAME = AccentColor;
				CODE_SIGN_STYLE = Automatic;
				CURRENT_PROJECT_VERSION = 1;
				DEVELOPMENT_ASSET_PATHS = "\"Stocks/Preview Content\"";
				DEVELOPMENT_TEAM = WFF682FMR6;
				ENABLE_PREVIEWS = YES;
				GENERATE_INFOPLIST_FILE = YES;
				INFOPLIST_KEY_UIApplicationSceneManifest_Generation = YES;
				INFOPLIST_KEY_UIApplicationSupportsIndirectInputEvents = YES;
				INFOPLIST_KEY_UILaunchScreen_Generation = YES;
				INFOPLIST_KEY_UISupportedInterfaceOrientations_iPad = "UIInterfaceOrientationPortrait UIInterfaceOrientationPortraitUpsideDown UIInterfaceOrientationLandscapeLeft UIInterfaceOrientationLandscapeRight";
				INFOPLIST_KEY_UISupportedInterfaceOrientations_iPhone = "UIInterfaceOrientationPortrait UIInterfaceOrientationLandscapeLeft UIInterfaceOrientationLandscapeRight";
				IPHONEOS_DEPLOYMENT_TARGET = 16.0;
				LD_RUNPATH_SEARCH_PATHS = (
					"$(inherited)",
					"@executable_path/Frameworks",
				);
				MARKETING_VERSION = 1.0;
				PRODUCT_BUNDLE_IDENTIFIER = com.loganblevins.Stocks;
				PRODUCT_NAME = "$(TARGET_NAME)";
				SUPPORTED_PLATFORMS = "iphoneos iphonesimulator";
				SUPPORTS_MACCATALYST = NO;
				SUPPORTS_MAC_DESIGNED_FOR_IPHONE_IPAD = NO;
				SUPPORTS_XR_DESIGNED_FOR_IPHONE_IPAD = NO;
				SWIFT_EMIT_LOC_STRINGS = YES;
				SWIFT_VERSION = 5.0;
				TARGETED_DEVICE_FAMILY = "1,2";
			};
			name = Release;
		};
		CB531DE22C1F6F50001D4A09 /* Debug */ = {
			isa = XCBuildConfiguration;
			buildSettings = {
				ALWAYS_EMBED_SWIFT_STANDARD_LIBRARIES = YES;
				BUNDLE_LOADER = "$(TEST_HOST)";
				CODE_SIGN_STYLE = Automatic;
				CURRENT_PROJECT_VERSION = 1;
				DEVELOPMENT_TEAM = WFF682FMR6;
				GENERATE_INFOPLIST_FILE = YES;
				IPHONEOS_DEPLOYMENT_TARGET = 17.5;
				MARKETING_VERSION = 1.0;
				PRODUCT_BUNDLE_IDENTIFIER = com.loganblevins.StocksTests;
				PRODUCT_NAME = "$(TARGET_NAME)";
				SWIFT_EMIT_LOC_STRINGS = NO;
				SWIFT_VERSION = 5.0;
				TARGETED_DEVICE_FAMILY = "1,2";
				TEST_HOST = "$(BUILT_PRODUCTS_DIR)/Stocks.app/$(BUNDLE_EXECUTABLE_FOLDER_PATH)/Stocks";
			};
			name = Debug;
		};
		CB531DE32C1F6F50001D4A09 /* Release */ = {
			isa = XCBuildConfiguration;
			buildSettings = {
				ALWAYS_EMBED_SWIFT_STANDARD_LIBRARIES = YES;
				BUNDLE_LOADER = "$(TEST_HOST)";
				CODE_SIGN_STYLE = Automatic;
				CURRENT_PROJECT_VERSION = 1;
				DEVELOPMENT_TEAM = WFF682FMR6;
				GENERATE_INFOPLIST_FILE = YES;
				IPHONEOS_DEPLOYMENT_TARGET = 17.5;
				MARKETING_VERSION = 1.0;
				PRODUCT_BUNDLE_IDENTIFIER = com.loganblevins.StocksTests;
				PRODUCT_NAME = "$(TARGET_NAME)";
				SWIFT_EMIT_LOC_STRINGS = NO;
				SWIFT_VERSION = 5.0;
				TARGETED_DEVICE_FAMILY = "1,2";
				TEST_HOST = "$(BUILT_PRODUCTS_DIR)/Stocks.app/$(BUNDLE_EXECUTABLE_FOLDER_PATH)/Stocks";
			};
			name = Release;
		};
/* End XCBuildConfiguration section */

/* Begin XCConfigurationList section */
		CB531DB52C1F6F4F001D4A09 /* Build configuration list for PBXProject "Stocks" */ = {
			isa = XCConfigurationList;
			buildConfigurations = (
				CB531DDC2C1F6F50001D4A09 /* Debug */,
				CB531DDD2C1F6F50001D4A09 /* Release */,
			);
			defaultConfigurationIsVisible = 0;
			defaultConfigurationName = Release;
		};
		CB531DDE2C1F6F50001D4A09 /* Build configuration list for PBXNativeTarget "Stocks" */ = {
			isa = XCConfigurationList;
			buildConfigurations = (
				CB531DDF2C1F6F50001D4A09 /* Debug */,
				CB531DE02C1F6F50001D4A09 /* Release */,
			);
			defaultConfigurationIsVisible = 0;
			defaultConfigurationName = Release;
		};
		CB531DE12C1F6F50001D4A09 /* Build configuration list for PBXNativeTarget "StocksTests" */ = {
			isa = XCConfigurationList;
			buildConfigurations = (
				CB531DE22C1F6F50001D4A09 /* Debug */,
				CB531DE32C1F6F50001D4A09 /* Release */,
			);
			defaultConfigurationIsVisible = 0;
			defaultConfigurationName = Release;
		};
/* End XCConfigurationList section */

/* Begin XCSwiftPackageProductDependency section */
		CB531E022C1F801C001D4A09 /* Navigation */ = {
			isa = XCSwiftPackageProductDependency;
			productName = Navigation;
		};
/* End XCSwiftPackageProductDependency section */
	};
	rootObject = CB531DB22C1F6F4F001D4A09 /* Project object */;
}
